// !$*UTF8*$!
{
	archiveVersion = 1;
	classes = {
	};
	objectVersion = 46;
	objects = {

/* Begin PBXBuildFile section */
		90E5BA2E1B35791A0075B777 /* AppDelegate.swift in Sources */ = {isa = PBXBuildFile; fileRef = 90E5BA2D1B35791A0075B777 /* AppDelegate.swift */; };
		90E5BA301B35791A0075B777 /* ViewController.swift in Sources */ = {isa = PBXBuildFile; fileRef = 90E5BA2F1B35791A0075B777 /* ViewController.swift */; };
		90E5BA331B35791A0075B777 /* Main.storyboard in Resources */ = {isa = PBXBuildFile; fileRef = 90E5BA311B35791A0075B777 /* Main.storyboard */; };
		90E5BA351B35791A0075B777 /* Images.xcassets in Resources */ = {isa = PBXBuildFile; fileRef = 90E5BA341B35791A0075B777 /* Images.xcassets */; };
		90E5BA381B35791A0075B777 /* LaunchScreen.xib in Resources */ = {isa = PBXBuildFile; fileRef = 90E5BA361B35791A0075B777 /* LaunchScreen.xib */; };
		90E5BA441B35791A0075B777 /* ExampleTests.swift in Sources */ = {isa = PBXBuildFile; fileRef = 90E5BA431B35791A0075B777 /* ExampleTests.swift */; };
		90E5BA4D1B35792E0075B777 /* Drop.swift in Sources */ = {isa = PBXBuildFile; fileRef = 90E5BA4C1B35792E0075B777 /* Drop.swift */; };
/* End PBXBuildFile section */

/* Begin PBXContainerItemProxy section */
		90E5BA3E1B35791A0075B777 /* PBXContainerItemProxy */ = {
			isa = PBXContainerItemProxy;
			containerPortal = 90E5B9F81B3578BC0075B777 /* Project object */;
			proxyType = 1;
			remoteGlobalIDString = 90E5BA281B35791A0075B777;
			remoteInfo = Example;
		};
/* End PBXContainerItemProxy section */

/* Begin PBXFileReference section */
		90E5BA291B35791A0075B777 /* Example.app */ = {isa = PBXFileReference; explicitFileType = wrapper.application; includeInIndex = 0; path = Example.app; sourceTree = BUILT_PRODUCTS_DIR; };
		90E5BA2C1B35791A0075B777 /* Info.plist */ = {isa = PBXFileReference; lastKnownFileType = text.plist.xml; path = Info.plist; sourceTree = "<group>"; };
		90E5BA2D1B35791A0075B777 /* AppDelegate.swift */ = {isa = PBXFileReference; lastKnownFileType = sourcecode.swift; path = AppDelegate.swift; sourceTree = "<group>"; };
		90E5BA2F1B35791A0075B777 /* ViewController.swift */ = {isa = PBXFileReference; lastKnownFileType = sourcecode.swift; path = ViewController.swift; sourceTree = "<group>"; };
		90E5BA321B35791A0075B777 /* Base */ = {isa = PBXFileReference; lastKnownFileType = file.storyboard; name = Base; path = Base.lproj/Main.storyboard; sourceTree = "<group>"; };
		90E5BA341B35791A0075B777 /* Images.xcassets */ = {isa = PBXFileReference; lastKnownFileType = folder.assetcatalog; path = Images.xcassets; sourceTree = "<group>"; };
		90E5BA371B35791A0075B777 /* Base */ = {isa = PBXFileReference; lastKnownFileType = file.xib; name = Base; path = Base.lproj/LaunchScreen.xib; sourceTree = "<group>"; };
		90E5BA3D1B35791A0075B777 /* ExampleTests.xctest */ = {isa = PBXFileReference; explicitFileType = wrapper.cfbundle; includeInIndex = 0; path = ExampleTests.xctest; sourceTree = BUILT_PRODUCTS_DIR; };
		90E5BA421B35791A0075B777 /* Info.plist */ = {isa = PBXFileReference; lastKnownFileType = text.plist.xml; path = Info.plist; sourceTree = "<group>"; };
		90E5BA431B35791A0075B777 /* ExampleTests.swift */ = {isa = PBXFileReference; lastKnownFileType = sourcecode.swift; path = ExampleTests.swift; sourceTree = "<group>"; };
		90E5BA4C1B35792E0075B777 /* Drop.swift */ = {isa = PBXFileReference; fileEncoding = 4; lastKnownFileType = sourcecode.swift; path = Drop.swift; sourceTree = "<group>"; };
/* End PBXFileReference section */

/* Begin PBXFrameworksBuildPhase section */
		90E5BA261B35791A0075B777 /* Frameworks */ = {
			isa = PBXFrameworksBuildPhase;
			buildActionMask = 2147483647;
			files = (
			);
			runOnlyForDeploymentPostprocessing = 0;
		};
		90E5BA3A1B35791A0075B777 /* Frameworks */ = {
			isa = PBXFrameworksBuildPhase;
			buildActionMask = 2147483647;
			files = (
			);
			runOnlyForDeploymentPostprocessing = 0;
		};
/* End PBXFrameworksBuildPhase section */

/* Begin PBXGroup section */
		90E5B9F71B3578BC0075B777 = {
			isa = PBXGroup;
			children = (
				90E5BA4B1B35792E0075B777 /* SwiftyDrop */,
				90E5BA2A1B35791A0075B777 /* Example */,
				90E5BA401B35791A0075B777 /* ExampleTests */,
				90E5BA011B3578BC0075B777 /* Products */,
			);
			sourceTree = "<group>";
		};
		90E5BA011B3578BC0075B777 /* Products */ = {
			isa = PBXGroup;
			children = (
				90E5BA291B35791A0075B777 /* Example.app */,
				90E5BA3D1B35791A0075B777 /* ExampleTests.xctest */,
			);
			name = Products;
			sourceTree = "<group>";
		};
		90E5BA2A1B35791A0075B777 /* Example */ = {
			isa = PBXGroup;
			children = (
				90E5BA2D1B35791A0075B777 /* AppDelegate.swift */,
				90E5BA2F1B35791A0075B777 /* ViewController.swift */,
				90E5BA311B35791A0075B777 /* Main.storyboard */,
				90E5BA341B35791A0075B777 /* Images.xcassets */,
				90E5BA361B35791A0075B777 /* LaunchScreen.xib */,
				90E5BA2B1B35791A0075B777 /* Supporting Files */,
			);
			path = Example;
			sourceTree = "<group>";
		};
		90E5BA2B1B35791A0075B777 /* Supporting Files */ = {
			isa = PBXGroup;
			children = (
				90E5BA2C1B35791A0075B777 /* Info.plist */,
			);
			name = "Supporting Files";
			sourceTree = "<group>";
		};
		90E5BA401B35791A0075B777 /* ExampleTests */ = {
			isa = PBXGroup;
			children = (
				90E5BA431B35791A0075B777 /* ExampleTests.swift */,
				90E5BA411B35791A0075B777 /* Supporting Files */,
			);
			path = ExampleTests;
			sourceTree = "<group>";
		};
		90E5BA411B35791A0075B777 /* Supporting Files */ = {
			isa = PBXGroup;
			children = (
				90E5BA421B35791A0075B777 /* Info.plist */,
			);
			name = "Supporting Files";
			sourceTree = "<group>";
		};
		90E5BA4B1B35792E0075B777 /* SwiftyDrop */ = {
			isa = PBXGroup;
			children = (
				90E5BA4C1B35792E0075B777 /* Drop.swift */,
			);
			path = SwiftyDrop;
			sourceTree = "<group>";
		};
/* End PBXGroup section */

/* Begin PBXNativeTarget section */
		90E5BA281B35791A0075B777 /* Example */ = {
			isa = PBXNativeTarget;
			buildConfigurationList = 90E5BA491B35791A0075B777 /* Build configuration list for PBXNativeTarget "Example" */;
			buildPhases = (
				90E5BA251B35791A0075B777 /* Sources */,
				90E5BA261B35791A0075B777 /* Frameworks */,
				90E5BA271B35791A0075B777 /* Resources */,
			);
			buildRules = (
			);
			dependencies = (
			);
			name = Example;
			productName = Example;
			productReference = 90E5BA291B35791A0075B777 /* Example.app */;
			productType = "com.apple.product-type.application";
		};
		90E5BA3C1B35791A0075B777 /* ExampleTests */ = {
			isa = PBXNativeTarget;
			buildConfigurationList = 90E5BA4A1B35791A0075B777 /* Build configuration list for PBXNativeTarget "ExampleTests" */;
			buildPhases = (
				90E5BA391B35791A0075B777 /* Sources */,
				90E5BA3A1B35791A0075B777 /* Frameworks */,
				90E5BA3B1B35791A0075B777 /* Resources */,
			);
			buildRules = (
			);
			dependencies = (
				90E5BA3F1B35791A0075B777 /* PBXTargetDependency */,
			);
			name = ExampleTests;
			productName = ExampleTests;
			productReference = 90E5BA3D1B35791A0075B777 /* ExampleTests.xctest */;
			productType = "com.apple.product-type.bundle.unit-test";
		};
/* End PBXNativeTarget section */

/* Begin PBXProject section */
		90E5B9F81B3578BC0075B777 /* Project object */ = {
			isa = PBXProject;
			attributes = {
				LastUpgradeCheck = 0630;
				ORGANIZATIONNAME = MORITANAOKI;
				TargetAttributes = {
					90E5BA281B35791A0075B777 = {
						CreatedOnToolsVersion = 6.3.2;
					};
					90E5BA3C1B35791A0075B777 = {
						CreatedOnToolsVersion = 6.3.2;
						TestTargetID = 90E5BA281B35791A0075B777;
					};
				};
			};
			buildConfigurationList = 90E5B9FB1B3578BC0075B777 /* Build configuration list for PBXProject "SwiftyDrop" */;
			compatibilityVersion = "Xcode 3.2";
			developmentRegion = English;
			hasScannedForEncodings = 0;
			knownRegions = (
				en,
				Base,
			);
			mainGroup = 90E5B9F71B3578BC0075B777;
			productRefGroup = 90E5BA011B3578BC0075B777 /* Products */;
			projectDirPath = "";
			projectRoot = "";
			targets = (
				90E5BA281B35791A0075B777 /* Example */,
				90E5BA3C1B35791A0075B777 /* ExampleTests */,
			);
		};
/* End PBXProject section */

/* Begin PBXResourcesBuildPhase section */
		90E5BA271B35791A0075B777 /* Resources */ = {
			isa = PBXResourcesBuildPhase;
			buildActionMask = 2147483647;
			files = (
				90E5BA331B35791A0075B777 /* Main.storyboard in Resources */,
				90E5BA381B35791A0075B777 /* LaunchScreen.xib in Resources */,
				90E5BA351B35791A0075B777 /* Images.xcassets in Resources */,
			);
			runOnlyForDeploymentPostprocessing = 0;
		};
		90E5BA3B1B35791A0075B777 /* Resources */ = {
			isa = PBXResourcesBuildPhase;
			buildActionMask = 2147483647;
			files = (
			);
			runOnlyForDeploymentPostprocessing = 0;
		};
/* End PBXResourcesBuildPhase section */

/* Begin PBXSourcesBuildPhase section */
		90E5BA251B35791A0075B777 /* Sources */ = {
			isa = PBXSourcesBuildPhase;
			buildActionMask = 2147483647;
			files = (
				90E5BA301B35791A0075B777 /* ViewController.swift in Sources */,
				90E5BA2E1B35791A0075B777 /* AppDelegate.swift in Sources */,
				90E5BA4D1B35792E0075B777 /* Drop.swift in Sources */,
			);
			runOnlyForDeploymentPostprocessing = 0;
		};
		90E5BA391B35791A0075B777 /* Sources */ = {
			isa = PBXSourcesBuildPhase;
			buildActionMask = 2147483647;
			files = (
				90E5BA441B35791A0075B777 /* ExampleTests.swift in Sources */,
			);
			runOnlyForDeploymentPostprocessing = 0;
		};
/* End PBXSourcesBuildPhase section */

/* Begin PBXTargetDependency section */
		90E5BA3F1B35791A0075B777 /* PBXTargetDependency */ = {
			isa = PBXTargetDependency;
			target = 90E5BA281B35791A0075B777 /* Example */;
			targetProxy = 90E5BA3E1B35791A0075B777 /* PBXContainerItemProxy */;
		};
/* End PBXTargetDependency section */

/* Begin PBXVariantGroup section */
		90E5BA311B35791A0075B777 /* Main.storyboard */ = {
			isa = PBXVariantGroup;
			children = (
				90E5BA321B35791A0075B777 /* Base */,
			);
			name = Main.storyboard;
			sourceTree = "<group>";
		};
		90E5BA361B35791A0075B777 /* LaunchScreen.xib */ = {
			isa = PBXVariantGroup;
			children = (
				90E5BA371B35791A0075B777 /* Base */,
			);
			name = LaunchScreen.xib;
			sourceTree = "<group>";
		};
/* End PBXVariantGroup section */

/* Begin XCBuildConfiguration section */
		90E5BA1D1B3578BD0075B777 /* Debug */ = {
			isa = XCBuildConfiguration;
			buildSettings = {
				ALWAYS_SEARCH_USER_PATHS = NO;
				CLANG_CXX_LANGUAGE_STANDARD = "gnu++0x";
				CLANG_CXX_LIBRARY = "libc++";
				CLANG_ENABLE_MODULES = YES;
				CLANG_ENABLE_OBJC_ARC = YES;
				CLANG_WARN_BOOL_CONVERSION = YES;
				CLANG_WARN_CONSTANT_CONVERSION = YES;
				CLANG_WARN_DIRECT_OBJC_ISA_USAGE = YES_ERROR;
				CLANG_WARN_EMPTY_BODY = YES;
				CLANG_WARN_ENUM_CONVERSION = YES;
				CLANG_WARN_INT_CONVERSION = YES;
				CLANG_WARN_OBJC_ROOT_CLASS = YES_ERROR;
				CLANG_WARN_UNREACHABLE_CODE = YES;
				CLANG_WARN__DUPLICATE_METHOD_MATCH = YES;
				"CODE_SIGN_IDENTITY[sdk=iphoneos*]" = "iPhone Developer";
				COPY_PHASE_STRIP = NO;
				DEBUG_INFORMATION_FORMAT = "dwarf-with-dsym";
				ENABLE_STRICT_OBJC_MSGSEND = YES;
				GCC_C_LANGUAGE_STANDARD = gnu99;
				GCC_DYNAMIC_NO_PIC = NO;
				GCC_NO_COMMON_BLOCKS = YES;
				GCC_OPTIMIZATION_LEVEL = 0;
				GCC_PREPROCESSOR_DEFINITIONS = (
					"DEBUG=1",
					"$(inherited)",
				);
				GCC_SYMBOLS_PRIVATE_EXTERN = NO;
				GCC_WARN_64_TO_32_BIT_CONVERSION = YES;
				GCC_WARN_ABOUT_RETURN_TYPE = YES_ERROR;
				GCC_WARN_UNDECLARED_SELECTOR = YES;
				GCC_WARN_UNINITIALIZED_AUTOS = YES_AGGRESSIVE;
				GCC_WARN_UNUSED_FUNCTION = YES;
				GCC_WARN_UNUSED_VARIABLE = YES;
				IPHONEOS_DEPLOYMENT_TARGET = 8.3;
				MTL_ENABLE_DEBUG_INFO = YES;
				ONLY_ACTIVE_ARCH = YES;
				SDKROOT = iphoneos;
				SWIFT_OPTIMIZATION_LEVEL = "-Onone";
				TARGETED_DEVICE_FAMILY = "1,2";
			};
			name = Debug;
		};
		90E5BA1E1B3578BD0075B777 /* Release */ = {
			isa = XCBuildConfiguration;
			buildSettings = {
				ALWAYS_SEARCH_USER_PATHS = NO;
				CLANG_CXX_LANGUAGE_STANDARD = "gnu++0x";
				CLANG_CXX_LIBRARY = "libc++";
				CLANG_ENABLE_MODULES = YES;
				CLANG_ENABLE_OBJC_ARC = YES;
				CLANG_WARN_BOOL_CONVERSION = YES;
				CLANG_WARN_CONSTANT_CONVERSION = YES;
				CLANG_WARN_DIRECT_OBJC_ISA_USAGE = YES_ERROR;
				CLANG_WARN_EMPTY_BODY = YES;
				CLANG_WARN_ENUM_CONVERSION = YES;
				CLANG_WARN_INT_CONVERSION = YES;
				CLANG_WARN_OBJC_ROOT_CLASS = YES_ERROR;
				CLANG_WARN_UNREACHABLE_CODE = YES;
				CLANG_WARN__DUPLICATE_METHOD_MATCH = YES;
				"CODE_SIGN_IDENTITY[sdk=iphoneos*]" = "iPhone Developer";
				COPY_PHASE_STRIP = NO;
				DEBUG_INFORMATION_FORMAT = "dwarf-with-dsym";
				ENABLE_NS_ASSERTIONS = NO;
				ENABLE_STRICT_OBJC_MSGSEND = YES;
				GCC_C_LANGUAGE_STANDARD = gnu99;
				GCC_NO_COMMON_BLOCKS = YES;
				GCC_WARN_64_TO_32_BIT_CONVERSION = YES;
				GCC_WARN_ABOUT_RETURN_TYPE = YES_ERROR;
				GCC_WARN_UNDECLARED_SELECTOR = YES;
				GCC_WARN_UNINITIALIZED_AUTOS = YES_AGGRESSIVE;
				GCC_WARN_UNUSED_FUNCTION = YES;
				GCC_WARN_UNUSED_VARIABLE = YES;
				IPHONEOS_DEPLOYMENT_TARGET = 8.3;
				MTL_ENABLE_DEBUG_INFO = NO;
				SDKROOT = iphoneos;
				TARGETED_DEVICE_FAMILY = "1,2";
				VALIDATE_PRODUCT = YES;
			};
			name = Release;
		};
		90E5BA451B35791A0075B777 /* Debug */ = {
			isa = XCBuildConfiguration;
			buildSettings = {
				ASSETCATALOG_COMPILER_APPICON_NAME = AppIcon;
				GCC_PREPROCESSOR_DEFINITIONS = (
					"DEBUG=1",
					"$(inherited)",
				);
				INFOPLIST_FILE = Example/Info.plist;
				LD_RUNPATH_SEARCH_PATHS = "$(inherited) @executable_path/Frameworks";
				PRODUCT_NAME = "$(TARGET_NAME)";
			};
			name = Debug;
		};
		90E5BA461B35791A0075B777 /* Release */ = {
			isa = XCBuildConfiguration;
			buildSettings = {
				ASSETCATALOG_COMPILER_APPICON_NAME = AppIcon;
				INFOPLIST_FILE = Example/Info.plist;
				LD_RUNPATH_SEARCH_PATHS = "$(inherited) @executable_path/Frameworks";
				PRODUCT_NAME = "$(TARGET_NAME)";
			};
			name = Release;
		};
		90E5BA471B35791A0075B777 /* Debug */ = {
			isa = XCBuildConfiguration;
			buildSettings = {
				BUNDLE_LOADER = "$(TEST_HOST)";
				FRAMEWORK_SEARCH_PATHS = (
					"$(SDKROOT)/Developer/Library/Frameworks",
					"$(inherited)",
				);
				GCC_PREPROCESSOR_DEFINITIONS = (
					"DEBUG=1",
					"$(inherited)",
				);
				INFOPLIST_FILE = ExampleTests/Info.plist;
				LD_RUNPATH_SEARCH_PATHS = "$(inherited) @executable_path/Frameworks @loader_path/Frameworks";
				PRODUCT_NAME = "$(TARGET_NAME)";
				TEST_HOST = "$(BUILT_PRODUCTS_DIR)/Example.app/Example";
			};
			name = Debug;
		};
		90E5BA481B35791A0075B777 /* Release */ = {
			isa = XCBuildConfiguration;
			buildSettings = {
				BUNDLE_LOADER = "$(TEST_HOST)";
				FRAMEWORK_SEARCH_PATHS = (
					"$(SDKROOT)/Developer/Library/Frameworks",
					"$(inherited)",
				);
				INFOPLIST_FILE = ExampleTests/Info.plist;
				LD_RUNPATH_SEARCH_PATHS = "$(inherited) @executable_path/Frameworks @loader_path/Frameworks";
				PRODUCT_NAME = "$(TARGET_NAME)";
				TEST_HOST = "$(BUILT_PRODUCTS_DIR)/Example.app/Example";
			};
			name = Release;
		};
/* End XCBuildConfiguration section */

/* Begin XCConfigurationList section */
		90E5B9FB1B3578BC0075B777 /* Build configuration list for PBXProject "SwiftyDrop" */ = {
			isa = XCConfigurationList;
			buildConfigurations = (
				90E5BA1D1B3578BD0075B777 /* Debug */,
				90E5BA1E1B3578BD0075B777 /* Release */,
			);
			defaultConfigurationIsVisible = 0;
			defaultConfigurationName = Release;
		};
		90E5BA491B35791A0075B777 /* Build configuration list for PBXNativeTarget "Example" */ = {
			isa = XCConfigurationList;
			buildConfigurations = (
				90E5BA451B35791A0075B777 /* Debug */,
				90E5BA461B35791A0075B777 /* Release */,
			);
			defaultConfigurationIsVisible = 0;
		};
		90E5BA4A1B35791A0075B777 /* Build configuration list for PBXNativeTarget "ExampleTests" */ = {
			isa = XCConfigurationList;
			buildConfigurations = (
				90E5BA471B35791A0075B777 /* Debug */,
				90E5BA481B35791A0075B777 /* Release */,
			);
			defaultConfigurationIsVisible = 0;
		};
/* End XCConfigurationList section */
	};
	rootObject = 90E5B9F81B3578BC0075B777 /* Project object */;
}
